{
  "nodes": {
    "bundix": {
      "inputs": {
        "nixpkgs": [
          "nixpkgs"
        ]
      },
      "locked": {
        "lastModified": 1762235257,
        "narHash": "sha256-QyXFgaXQETr9BmwUbWM/2EtF+my6Arpt71xItZy3NL8=",
        "owner": "inscapist",
        "repo": "bundix",
        "rev": "2233b24084316b4de1d55321483554f457a09cfc",
        "type": "github"
      },
      "original": {
        "owner": "inscapist",
        "ref": "main",
        "repo": "bundix",
        "type": "github"
      }
    },
    "nixpkgs": {
      "locked": {
        "lastModified": 1762559994,
        "narHash": "sha256-GtRKDm1o1QiOMEYWZCbXvQhTsXjdfd472QsVh4qwwbM=",
        "owner": "NixOS",
        "repo": "nixpkgs",
        "rev": "2a97eb701ae3357d9e3c4133b7bc3feab06743f0",
        "type": "github"
      },
      "original": {
        "owner": "NixOS",
        "repo": "nixpkgs",
        "type": "github"
      }
    },
    "root": {
      "inputs": {
        "bundix": "bundix",
        "nixpkgs": "nixpkgs",
        "ruby-nix": "ruby-nix"
      }
    },
    "ruby-nix": {
      "inputs": {
        "nixpkgs": [
          "nixpkgs"
        ]
      },
      "locked": {
        "lastModified": 1755059052,
        "narHash": "sha256-yUJmmNIw11ZEIAFogqcqNomk4YV3F/zjwI1f7bYzIyY=",
        "owner": "inscapist",
        "repo": "ruby-nix",
        "rev": "86b498e80058a84461d1f533e121574d85d272d7",
        "type": "github"
      },
      "original": {
        "owner": "inscapist",
        "repo": "ruby-nix",
        "type": "github"
      }
    }
  },
  "root": "root",
  "version": 7
}
